# THIS IS AN AUTOGENERATED FILE. DO NOT EDIT THIS FILE DIRECTLY.
# yarn lockfile v1


react-native-interactable@^0.1.10:
  version "0.1.10"
  resolved "https://registry.yarnpkg.com/react-native-interactable/-/react-native-interactable-0.1.10.tgz#65b9a68f6a84ba1c0e2ad5478b1f22ffb29c0526"

"react-native-swipeview@https://github.com/talut/react-native-swipeview/tarball/v0.1.0":
  version "0.0.1"
  resolved "https://github.com/talut/react-native-swipeview/tarball/v0.1.0#be9e22c7608e5e3bc3534825d017ac8099fd6470"
  dependencies:
    react-native-interactable "^0.1.10"
